
Microsoft Visual Studio Solution File, Format Version 12.00
# Visual Studio Version 16
VisualStudioVersion = 16.0.30104.148
MinimumVisualStudioVersion = 10.0.40219.1
Project("{FAE04EC0-301F-11D3-BF4B-00C04F79EFBC}") = "BlazorInvoice.Client", "BlazorInvoice.Client.csproj", "{181B3A6C-E7BD-45AF-A692-D30288D030E9}"
EndProject
Project("{FAE04EC0-301F-11D3-BF4B-00C04F79EFBC}") = "BlazorInvoice.Data", "..\BlazorInvoice.Data\BlazorInvoice.Data.csproj", "{4F27D094-7E2D-46CA-924E-457B797DE2DE}"
EndProject
Project("{FAE04EC0-301F-11D3-BF4B-00C04F79EFBC}") = "BlazorInvoice.Infrastructure", "..\BlazorInvoice.Infrastructure\BlazorInvoice.Infrastructure.csproj", "{44777842-FEEB-4CEA-8296-7850ADD2119B}"
EndProject
Global
	GlobalSection(SolutionConfigurationPlatforms) = preSolution
		Debug|Any CPU = Debug|Any CPU
		Release|Any CPU = Release|Any CPU
	EndGlobalSection
	GlobalSection(ProjectConfigurationPlatforms) = postSolution
		{181B3A6C-E7BD-45AF-A692-D30288D030E9}.Debug|Any CPU.ActiveCfg = Debug|Any CPU
		{181B3A6C-E7BD-45AF-A692-D30288D030E9}.Debug|Any CPU.Build.0 = Debug|Any CPU
		{181B3A6C-E7BD-45AF-A692-D30288D030E9}.Release|Any CPU.ActiveCfg = Release|Any CPU
		{181B3A6C-E7BD-45AF-A692-D30288D030E9}.Release|Any CPU.Build.0 = Release|Any CPU
		{4F27D094-7E2D-46CA-924E-457B797DE2DE}.Debug|Any CPU.ActiveCfg = Debug|Any CPU
		{4F27D094-7E2D-46CA-924E-457B797DE2DE}.Debug|Any CPU.Build.0 = Debug|Any CPU
		{4F27D094-7E2D-46CA-924E-457B797DE2DE}.Release|Any CPU.ActiveCfg = Release|Any CPU
		{4F27D094-7E2D-46CA-924E-457B797DE2DE}.Release|Any CPU.Build.0 = Release|Any CPU
		{44777842-FEEB-4CEA-8296-7850ADD2119B}.Debug|Any CPU.ActiveCfg = Debug|Any CPU
		{44777842-FEEB-4CEA-8296-7850ADD2119B}.Debug|Any CPU.Build.0 = Debug|Any CPU
		{44777842-FEEB-4CEA-8296-7850ADD2119B}.Release|Any CPU.ActiveCfg = Release|Any CPU
		{44777842-FEEB-4CEA-8296-7850ADD2119B}.Release|Any CPU.Build.0 = Release|Any CPU
	EndGlobalSection
	GlobalSection(SolutionProperties) = preSolution
		HideSolutionNode = FALSE
	EndGlobalSection
	GlobalSection(ExtensibilityGlobals) = postSolution
		SolutionGuid = {DF0BC43A-1064-46A5-81BD-F49FEFCE393D}
	EndGlobalSection
EndGlobal
